{
  "name": "rollup-hbs",
  "version": "1.0.0",
  "lockfileVersion": 1,
  "requires": true,
  "dependencies": {
    "@types/estree": {
      "version": "0.0.39",
      "resolved": "https://registry.npmjs.org/@types/estree/-/estree-0.0.39.tgz",
      "integrity": "sha512-EYNwp3bU+98cpU4lAWYYL7Zz+2gryWH1qbdDTidVd6hkiR6weksdbMadyXKXNPEkQFhXM+hVO9ZygomHXp+AIw=="
    },
    "@types/node": {
      "version": "10.7.1",
      "resolved": "https://registry.npmjs.org/@types/node/-/node-10.7.1.tgz",
      "integrity": "sha512-EGoI4ylB/lPOaqXqtzAyL8HcgOuCtH2hkEaLmkueOYufsTFWBn4VCvlCDC2HW8Q+9iF+QVC3sxjDKQYjHQeZ9w=="
    },
    "align-text": {
      "version": "0.1.4",
      "resolved": "https://registry.npmjs.org/align-text/-/align-text-0.1.4.tgz",
      "integrity": "sha1-DNkKVhCT810KmSVsIrcGlDP60Rc=",
      "requires": {
        "kind-of": "^3.0.2",
        "longest": "^1.0.1",
        "repeat-string": "^1.5.2"
      }
    },
    "amdefine": {
      "version": "1.0.1",
      "resolved": "https://registry.npmjs.org/amdefine/-/amdefine-1.0.1.tgz",
      "integrity": "sha1-SlKCrBZHKek2Gbz9OtFR+BfOkfU="
    },
    "async": {
      "version": "1.5.2",
      "resolved": "https://registry.npmjs.org/async/-/async-1.5.2.tgz",
      "integrity": "sha1-7GphrlZIDAw8skHJVhjiCJL5Zyo="
    },
    "camelcase": {
      "version": "1.2.1",
      "resolved": "https://registry.npmjs.org/camelcase/-/camelcase-1.2.1.tgz",
      "integrity": "sha1-m7UwTS4LVmmLLHWLCKPqqdqlijk=",
      "optional": true
    },
    "center-align": {
      "version": "0.1.3",
      "resolved": "https://registry.npmjs.org/center-align/-/center-align-0.1.3.tgz",
      "integrity": "sha1-qg0yYptu6XIgBBHL1EYckHvCt60=",
      "optional": true,
      "requires": {
        "align-text": "^0.1.3",
        "lazy-cache": "^1.0.3"
      }
    },
    "cliui": {
      "version": "2.1.0",
      "resolved": "https://registry.npmjs.org/cliui/-/cliui-2.1.0.tgz",
      "integrity": "sha1-S0dXYP+AJkx2LDoXGQMukcf+oNE=",
      "optional": true,
      "requires": {
        "center-align": "^0.1.1",
        "right-align": "^0.1.1",
        "wordwrap": "0.0.2"
      },
      "dependencies": {
        "wordwrap": {
          "version": "0.0.2",
          "resolved": "https://registry.npmjs.org/wordwrap/-/wordwrap-0.0.2.tgz",
          "integrity": "sha1-t5Zpu0LstAn4PVg8rVLKF+qhZD8=",
          "optional": true
        }
      }
    },
    "decamelize": {
      "version": "1.2.0",
      "resolved": "https://registry.npmjs.org/decamelize/-/decamelize-1.2.0.tgz",
      "integrity": "sha1-9lNNFRSCabIDUue+4m9QH5oZEpA=",
      "optional": true
    },
    "handlebars": {
      "version": "4.0.11",
      "resolved": "https://registry.npmjs.org/handlebars/-/handlebars-4.0.11.tgz",
      "integrity": "sha1-Ywo13+ApS8KB7a5v/F0yn8eYLcw=",
      "requires": {
        "async": "^1.4.0",
        "optimist": "^0.6.1",
        "source-map": "^0.4.4",
        "uglify-js": "^2.6"
      }
    },
    "is-buffer": {
      "version": "1.1.6",
      "resolved": "https://registry.npmjs.org/is-buffer/-/is-buffer-1.1.6.tgz",
      "integrity": "sha512-NcdALwpXkTm5Zvvbk7owOUSvVvBKDgKP5/ewfXEznmQFfs4ZRmanOeKBTjRVjka3QFoN6XJ+9F3USqfHqTaU5w=="
    },
    "jquery": {
      "version": "3.3.1",
      "resolved": "https://registry.npmjs.org/jquery/-/jquery-3.3.1.tgz",
      "integrity": "sha512-Ubldcmxp5np52/ENotGxlLe6aGMvmF4R8S6tZjsP6Knsaxd/xp3Zrh50cG93lR6nPXyUFwzN3ZSOQI0wRJNdGg=="
    },
    "kind-of": {
      "version": "3.2.2",
      "resolved": "https://registry.npmjs.org/kind-of/-/kind-of-3.2.2.tgz",
      "integrity": "sha1-MeohpzS6ubuw8yRm2JOupR5KPGQ=",
      "requires": {
        "is-buffer": "^1.1.5"
      }
    },
    "lazy-cache": {
      "version": "1.0.4",
      "resolved": "https://registry.npmjs.org/lazy-cache/-/lazy-cache-1.0.4.tgz",
      "integrity": "sha1-odePw6UEdMuAhF07O24dpJpEbo4=",
      "optional": true
    },
    "longest": {
      "version": "1.0.1",
      "resolved": "https://registry.npmjs.org/longest/-/longest-1.0.1.tgz",
      "integrity": "sha1-MKCy2jj3N3DoKUoNIuZiXtd9AJc="
    },
    "minimist": {
      "version": "0.0.10",
      "resolved": "https://registry.npmjs.org/minimist/-/minimist-0.0.10.tgz",
      "integrity": "sha1-3j+YVD2/lggr5IrRoMfNqDYwHc8="
    },
    "optimist": {
      "version": "0.6.1",
      "resolved": "https://registry.npmjs.org/optimist/-/optimist-0.6.1.tgz",
      "integrity": "sha1-2j6nRob6IaGaERwybpDrFaAZZoY=",
      "requires": {
        "minimist": "~0.0.1",
        "wordwrap": "~0.0.2"
      }
    },
    "repeat-string": {
      "version": "1.6.1",
      "resolved": "https://registry.npmjs.org/repeat-string/-/repeat-string-1.6.1.tgz",
      "integrity": "sha1-jcrkcOHIirwtYA//Sndihtp15jc="
    },
    "right-align": {
      "version": "0.1.3",
      "resolved": "https://registry.npmjs.org/right-align/-/right-align-0.1.3.tgz",
      "integrity": "sha1-YTObci/mo1FWiSENJOFMlhSGE+8=",
      "optional": true,
      "requires": {
        "align-text": "^0.1.1"
      }
    },
    "rollup": {
      "version": "0.64.1",
      "resolved": "https://registry.npmjs.org/rollup/-/rollup-0.64.1.tgz",
      "integrity": "sha512-+ThdVXrvonJdOTzyybMBipP0uz605Z8AnzWVY3rf+cSGnLO7uNkJBlN+9jXqWOomkvumXfm/esmBpA5d53qm7g==",
      "requires": {
        "@types/estree": "0.0.39",
        "@types/node": "*"
      }
    },
    "rollup-plugin-handlebars-plus": {
      "version": "0.2.3",
      "resolved": "https://registry.npmjs.org/rollup-plugin-handlebars-plus/-/rollup-plugin-handlebars-plus-0.2.3.tgz",
      "integrity": "sha512-0TU8+hxdDFBkMUYa04xBKnlPr6EnzAyLn7U0CTagLJh9vqHSgN5rbervrPPKdKko6FMyGZ/4nnamQi4RjQVBhA==",
      "requires": {
        "handlebars": "^4.0.5"
      }
    },
    "rollup-plugin-root-import": {
      "version": "0.2.3",
      "resolved": "https://registry.npmjs.org/rollup-plugin-root-import/-/rollup-plugin-root-import-0.2.3.tgz",
      "integrity": "sha512-RD1iCxGgXDKSeZ2JQRZCO9gt+7OmcHaUafqmyOAyZUpFOI85mcSbw6vXgEFyUYI38zfdo7ZduLSp/Zqmzo7zdQ=="
    },
    "source-map": {
      "version": "0.4.4",
      "resolved": "https://registry.npmjs.org/source-map/-/source-map-0.4.4.tgz",
      "integrity": "sha1-66T12pwNyZneaAMti092FzZSA2s=",
      "requires": {
        "amdefine": ">=0.0.4"
      }
    },
    "uglify-js": {
      "version": "2.8.29",
      "resolved": "https://registry.npmjs.org/uglify-js/-/uglify-js-2.8.29.tgz",
      "integrity": "sha1-KcVzMUgFe7Th913zW3qcty5qWd0=",
      "optional": true,
      "requires": {
        "source-map": "~0.5.1",
        "uglify-to-browserify": "~1.0.0",
        "yargs": "~3.10.0"
      },
      "dependencies": {
        "source-map": {
          "version": "0.5.7",
          "resolved": "https://registry.npmjs.org/source-map/-/source-map-0.5.7.tgz",
          "integrity": "sha1-igOdLRAh0i0eoUyA2OpGi6LvP8w=",
          "optional": true
        }
      }
    },
    "uglify-to-browserify": {
      "version": "1.0.2",
      "resolved": "https://registry.npmjs.org/uglify-to-browserify/-/uglify-to-browserify-1.0.2.tgz",
      "integrity": "sha1-bgkk1r2mta/jSeOabWMoUKD4grc=",
      "optional": true
    },
    "window-size": {
      "version": "0.1.0",
      "resolved": "https://registry.npmjs.org/window-size/-/window-size-0.1.0.tgz",
      "integrity": "sha1-VDjNLqk7IC76Ohn+iIeu58lPnJ0=",
      "optional": true
    },
    "wordwrap": {
      "version": "0.0.3",
      "resolved": "https://registry.npmjs.org/wordwrap/-/wordwrap-0.0.3.tgz",
      "integrity": "sha1-o9XabNXAvAAI03I0u68b7WMFkQc="
    },
    "yargs": {
      "version": "3.10.0",
      "resolved": "https://registry.npmjs.org/yargs/-/yargs-3.10.0.tgz",
      "integrity": "sha1-9+572FfdfB0tOMDnTvvWgdFDH9E=",
      "optional": true,
      "requires": {
        "camelcase": "^1.0.2",
        "cliui": "^2.1.0",
        "decamelize": "^1.0.0",
        "window-size": "0.1.0"
      }
    }
  }
}
